# Generated by pub
# See https://dart.dev/tools/pub/glossary#lockfile
packages:
  animations:
    dependency: "direct main"
    description:
      name: animations
      sha256: "1a5baa987a926607a363522869781637b591735195573ab04006b3f825eef224"
      url: "https://pub.dev"
    source: hosted
    version: "2.0.3"
  archive:
    dependency: transitive
    description:
      name: archive
      sha256: "793964beb8e297995714326628881437d4211f10fc8843534bab54129cd896ee"
      url: "https://pub.dev"
    source: hosted
    version: "3.3.1"
  async:
    dependency: transitive
    description:
      name: async
      sha256: "947bfcf187f74dbc5e146c9eb9c0f10c9f8b30743e341481c1e2ed3ecc18c20c"
      url: "https://pub.dev"
    source: hosted
    version: "2.11.0"
  boolean_selector:
    dependency: transitive
    description:
      name: boolean_selector
      sha256: "6cfb5af12253eaf2b368f07bacc5a80d1301a071c73360d746b7f2e32d762c66"
      url: "https://pub.dev"
    source: hosted
    version: "2.1.1"
  cached_network_image:
    dependency: "direct main"
    description:
      name: cached_network_image
      sha256: e764e48ef036cabdf84319ba7b8b5871b6b43266e14de787cb43f77639089ae5
      url: "https://pub.dev"
    source: hosted
    version: "3.2.1"
  cached_network_image_platform_interface:
    dependency: transitive
    description:
      name: cached_network_image_platform_interface
      sha256: "8e2b5befefec5063bee8f209fda21751f6328d405d4237c70f21104568b2fee7"
      url: "https://pub.dev"
    source: hosted
    version: "1.0.0"
  cached_network_image_web:
    dependency: transitive
    description:
      name: cached_network_image_web
      sha256: d4351c7eb16767df129b0474a5ebc4e028870379c063e8ba265a56aa00831e70
      url: "https://pub.dev"
    source: hosted
    version: "1.0.1"
  characters:
    dependency: transitive
    description:
      name: characters
      sha256: "04a925763edad70e8443c99234dc3328f442e811f1d8fd1a72f1c8ad0f69a605"
      url: "https://pub.dev"
    source: hosted
    version: "1.3.0"
  clock:
    dependency: transitive
    description:
      name: clock
      sha256: cb6d7f03e1de671e34607e909a7213e31d7752be4fb66a86d29fe1eb14bfb5cf
      url: "https://pub.dev"
    source: hosted
    version: "1.1.1"
  cloud_firestore:
    dependency: "direct main"
    description:
      name: cloud_firestore
      sha256: c05914c7c4eef67750e09a3cc9ccae736354eb8a4e416113e3f8d32ae81f8772
      url: "https://pub.dev"
    source: hosted
    version: "3.4.4"
  cloud_firestore_platform_interface:
    dependency: transitive
    description:
      name: cloud_firestore_platform_interface
      sha256: "7a4cec03e5540c4e978839af91a7a7e80611e8cb51ec5580c81da021d75cbae8"
      url: "https://pub.dev"
    source: hosted
    version: "5.7.1"
  cloud_firestore_web:
    dependency: transitive
    description:
      name: cloud_firestore_web
      sha256: c636468dc1d12d6440b08467c3349bf6f22aabb19d92e30f0e868a4ff085fadb
      url: "https://pub.dev"
    source: hosted
    version: "2.8.4"
  collection:
    dependency: transitive
    description:
      name: collection
      sha256: ee67cb0715911d28db6bf4af1026078bd6f0128b07a5f66fb2ed94ec6783c09a
      url: "https://pub.dev"
    source: hosted
    version: "1.18.0"
  cross_file:
    dependency: transitive
    description:
      name: cross_file
      sha256: "7632a2bcddc8cef4afde3c6f80e69b29a7060e176f01119c229fe4eb3a2a3d4f"
      url: "https://pub.dev"
    source: hosted
    version: "0.3.3+1"
  crypto:
    dependency: transitive
    description:
      name: crypto
      sha256: aa274aa7774f8964e4f4f38cc994db7b6158dd36e9187aaceaddc994b35c6c67
      url: "https://pub.dev"
    source: hosted
    version: "3.0.2"
  csslib:
    dependency: transitive
    description:
      name: csslib
      sha256: b36c7f7e24c0bdf1bf9a3da461c837d1de64b9f8beb190c9011d8c72a3dfd745
      url: "https://pub.dev"
    source: hosted
    version: "0.17.2"
  cupertino_icons:
    dependency: "direct main"
    description:
      name: cupertino_icons
      sha256: e35129dc44c9118cee2a5603506d823bab99c68393879edb440e0090d07586be
      url: "https://pub.dev"
    source: hosted
    version: "1.0.5"
  fake_async:
    dependency: transitive
    description:
      name: fake_async
      sha256: "511392330127add0b769b75a987850d136345d9227c6b94c96a04cf4a391bf78"
      url: "https://pub.dev"
    source: hosted
    version: "1.3.1"
  ffi:
    dependency: transitive
    description:
      name: ffi
      sha256: a38574032c5f1dd06c4aee541789906c12ccaab8ba01446e800d9c5b79c4a978
      url: "https://pub.dev"
    source: hosted
    version: "2.0.1"
  file:
    dependency: transitive
    description:
      name: file
      sha256: b69516f2c26a5bcac4eee2e32512e1a5205ab312b3536c1c1227b2b942b5f9ad
      url: "https://pub.dev"
    source: hosted
    version: "6.1.2"
  firebase_auth:
    dependency: "direct main"
    description:
      name: firebase_auth
      sha256: a8e5e8de6ca2680332c6fb5ab077e7f29b39c9c75b04d0bee7a997ac0a3eda6f
      url: "https://pub.dev"
    source: hosted
    version: "3.6.3"
  firebase_auth_platform_interface:
    dependency: transitive
    description:
      name: firebase_auth_platform_interface
      sha256: dbbb9a38ab4d57be0938de1ebd332e6c836453004a4de2e5b526f088159929cb
      url: "https://pub.dev"
    source: hosted
    version: "6.5.3"
  firebase_auth_web:
    dependency: transitive
    description:
      name: firebase_auth_web
      sha256: c98859f70bb3b99be50da7ebdaba51e2f43b166e4344e837725b5e90544bc697
      url: "https://pub.dev"
    source: hosted
    version: "4.2.3"
  firebase_core:
    dependency: "direct main"
    description:
      name: firebase_core
      sha256: "42740c3a2ae8ad363d6dc59ac73c98271ac66b6c5f89be4181efc6334b14e111"
      url: "https://pub.dev"
    source: hosted
    version: "1.20.1"
  firebase_core_platform_interface:
    dependency: transitive
    description:
      name: firebase_core_platform_interface
      sha256: a78327f0f2f5e36073427300633c9036c4499f047f178498d08b0345ae7ad5b4
      url: "https://pub.dev"
    source: hosted
    version: "4.5.0"
  firebase_core_web:
    dependency: transitive
    description:
      name: firebase_core_web
      sha256: "12853276fd2f9c1aed6f1e3470e3edf7caa6c9fbc39a2b0438f8986e1f468a41"
      url: "https://pub.dev"
    source: hosted
    version: "1.7.1"
  firebase_storage:
    dependency: "direct main"
    description:
      name: firebase_storage
      sha256: a893ec76f73bf93deaeede90afcd56712ec4c69e9e28c4e0cb89fe343b6c861d
      url: "https://pub.dev"
    source: hosted
    version: "10.3.5"
  firebase_storage_platform_interface:
    dependency: transitive
    description:
      name: firebase_storage_platform_interface
      sha256: bd4fa8d21a1838d4e74566919eb3c8123daece5940267fa42fb7fda3e0a154b0
      url: "https://pub.dev"
    source: hosted
    version: "4.1.13"
  firebase_storage_web:
    dependency: transitive
    description:
      name: firebase_storage_web
      sha256: "401a5d722679913a63933e22a60d4ce8ca3ab83cd53185f474a2e47b859ccfae"
      url: "https://pub.dev"
    source: hosted
    version: "3.3.3"
  flutter:
    dependency: "direct main"
    description: flutter
    source: sdk
    version: "0.0.0"
  flutter_blurhash:
    dependency: transitive
    description:
      name: flutter_blurhash
      sha256: "05001537bd3fac7644fa6558b09ec8c0a3f2eba78c0765f88912882b1331a5c6"
      url: "https://pub.dev"
    source: hosted
    version: "0.7.0"
  flutter_cache_manager:
    dependency: transitive
    description:
      name: flutter_cache_manager
      sha256: "32cd900555219333326a2d0653aaaf8671264c29befa65bbd9856d204a4c9fb3"
      url: "https://pub.dev"
    source: hosted
    version: "3.3.0"
  flutter_chat_bubble:
    dependency: "direct main"
    description:
      name: flutter_chat_bubble
      sha256: dbad4ab947bb099bb146b0ac9f082639b386313b0490f6e2b433ccc2fff4c8be
      url: "https://pub.dev"
    source: hosted
    version: "2.0.0"
  flutter_plugin_android_lifecycle:
    dependency: transitive
    description:
      name: flutter_plugin_android_lifecycle
      sha256: "60fc7b78455b94e6de2333d2f95196d32cf5c22f4b0b0520a628804cb463503b"
      url: "https://pub.dev"
    source: hosted
    version: "2.0.7"
  flutter_spinkit:
    dependency: "direct main"
    description:
      name: flutter_spinkit
      sha256: "77a2117c0517ff909221f3160b8eb20052ab5216107581168af574ac1f05dff8"
      url: "https://pub.dev"
    source: hosted
    version: "5.1.0"
  flutter_test:
    dependency: "direct dev"
    description: flutter
    source: sdk
    version: "0.0.0"
  flutter_web_plugins:
    dependency: transitive
    description: flutter
    source: sdk
    version: "0.0.0"
  fluttertoast:
    dependency: "direct main"
    description:
      name: fluttertoast
      sha256: b528e78a4e69957bb8a33d9e8ceaa728801bb7c6ce599e811e49cf6d94d17fef
      url: "https://pub.dev"
    source: hosted
    version: "8.0.9"
  geocoding:
    dependency: "direct main"
    description:
      name: geocoding
      sha256: "0d7e4a15f1f9b9bc2b0a9898aab0e014ef0534a24e0d8ad73fedfaedd384ca3b"
      url: "https://pub.dev"
    source: hosted
    version: "2.0.4"
  geocoding_platform_interface:
    dependency: transitive
    description:
      name: geocoding_platform_interface
      sha256: "8848605d307d844d89937cdb4b8ad7dfa880552078f310fa24d8a460f6dddab4"
      url: "https://pub.dev"
    source: hosted
    version: "2.0.1"
  geolocator:
    dependency: "direct main"
    description:
      name: geolocator
      sha256: "672ba7193539d9092fac6c92d17692df2294c60109929ecb255cd6e52825ec4d"
      url: "https://pub.dev"
    source: hosted
    version: "9.0.1"
  geolocator_android:
    dependency: transitive
    description:
      name: geolocator_android
      sha256: a72fac95c6079b040a49b0aa0ce9db8eefb21930e3e9fd678059a39681ee4b7b
      url: "https://pub.dev"
    source: hosted
    version: "4.0.2"
  geolocator_apple:
    dependency: transitive
    description:
      name: geolocator_apple
      sha256: "1b17544d250bbfebd2f36157f9ce094b0b07967441c1010243d6ea04f6f5bfe8"
      url: "https://pub.dev"
    source: hosted
    version: "2.2.1"
  geolocator_platform_interface:
    dependency: transitive
    description:
      name: geolocator_platform_interface
      sha256: "8c10ba5c825abdcc337ba918fbc1d3a5a2b006affe6ba610e3143cd32f54388d"
      url: "https://pub.dev"
    source: hosted
    version: "4.0.6"
  geolocator_web:
    dependency: transitive
    description:
      name: geolocator_web
      sha256: f68a122da48fcfff68bbc9846bb0b74ef651afe84a1b1f6ec20939de4d6860e1
      url: "https://pub.dev"
    source: hosted
    version: "2.1.6"
  geolocator_windows:
    dependency: transitive
    description:
      name: geolocator_windows
      sha256: f5911c88e23f48b598dd506c7c19eff0e001645bdc03bb6fecb9f4549208354d
      url: "https://pub.dev"
    source: hosted
    version: "0.1.1"
  google_fonts:
    dependency: "direct main"
    description:
      name: google_fonts
      sha256: "8f099045e2f2a30e4d4d0a35f40c6bc941a8f2ca0e10ad9d214ee9edd3f37483"
      url: "https://pub.dev"
    source: hosted
    version: "3.0.1"
  google_sign_in:
    dependency: "direct main"
    description:
      name: google_sign_in
      sha256: "3bd52313d289b5914661b2f20020991ef78823fabed6122898a12d7c50226551"
      url: "https://pub.dev"
    source: hosted
    version: "5.4.1"
  google_sign_in_android:
    dependency: transitive
    description:
      name: google_sign_in_android
      sha256: "23f5f2ac9c007bf0cf02380baaa67fff039efbf38b7a2a285c376c753f9767fa"
      url: "https://pub.dev"
    source: hosted
    version: "6.0.1"
  google_sign_in_ios:
    dependency: transitive
    description:
      name: google_sign_in_ios
      sha256: "8b80074ccda41b62553010b311506f5022f7d2701e4f22765546b3125450f9f3"
      url: "https://pub.dev"
    source: hosted
    version: "5.4.0"
  google_sign_in_platform_interface:
    dependency: transitive
    description:
      name: google_sign_in_platform_interface
      sha256: "252d0fadcd1e7939f1e00602eca1020b585d448aaa4b87c33137ca8717cd9e87"
      url: "https://pub.dev"
    source: hosted
    version: "2.2.0"
  google_sign_in_web:
    dependency: transitive
    description:
      name: google_sign_in_web
      sha256: "5b35c221169a7b3e0fc15043ac09102ef542300ef92f2e1f05d5d8efde263af5"
      url: "https://pub.dev"
    source: hosted
    version: "0.10.2"
  html:
    dependency: transitive
    description:
      name: html
      sha256: d9793e10dbe0e6c364f4c59bf3e01fb33a9b2a674bc7a1081693dba0614b6269
      url: "https://pub.dev"
    source: hosted
    version: "0.15.1"
  http:
    dependency: transitive
    description:
      name: http
      sha256: "6aa2946395183537c8b880962d935877325d6a09a2867c3970c05c0fed6ac482"
      url: "https://pub.dev"
    source: hosted
    version: "0.13.5"
  http_parser:
    dependency: transitive
    description:
      name: http_parser
      sha256: db3060f22889f3d9d55f6a217565486737037eec3609f7f3eca4d0c67ee0d8a0
      url: "https://pub.dev"
    source: hosted
    version: "4.0.1"
  image:
    dependency: "direct main"
    description:
      name: image
      sha256: "9d2c5f73435a70a936d317769ee8e7ef480e37674b9f2bce95ea98969a307855"
      url: "https://pub.dev"
    source: hosted
    version: "3.2.0"
  image_cropper:
    dependency: "direct main"
    description:
      name: image_cropper
      sha256: "6bf51b7951d3640d06bb62a9087cbcc0dec7b541cbcaacd664caa4e198646349"
      url: "https://pub.dev"
    source: hosted
    version: "3.0.0"
  image_cropper_for_web:
    dependency: transitive
    description:
      name: image_cropper_for_web
      sha256: be8b6628941d8fbe26817b39b483c25d555c7c369acecca3e460ab552c24bf3a
      url: "https://pub.dev"
    source: hosted
    version: "1.0.2"
  image_cropper_platform_interface:
    dependency: transitive
    description:
      name: image_cropper_platform_interface
      sha256: "12579c4dabd28b9c3d55194db14b2325284870c82f9bf17eb4648bedf151b3a6"
      url: "https://pub.dev"
    source: hosted
    version: "3.0.2"
  image_picker:
    dependency: "direct main"
    description:
      name: image_picker
      sha256: f3712cd190227fb92e0960cb0ce22928ba042c7183b16864ade83b259adf8ea6
      url: "https://pub.dev"
    source: hosted
    version: "0.8.5+3"
  image_picker_android:
    dependency: transitive
    description:
      name: image_picker_android
      sha256: "8243d3324e28806671feb358e3756528bae6f63dacafaecf896e6b45b167def9"
      url: "https://pub.dev"
    source: hosted
    version: "0.8.5+2"
  image_picker_for_web:
    dependency: transitive
    description:
      name: image_picker_for_web
      sha256: "60f306ffbdcada4bc8b2691acc420258a1b758e102c87c4f94fb568d640f0e0e"
      url: "https://pub.dev"
    source: hosted
    version: "2.1.8"
  image_picker_ios:
    dependency: transitive
    description:
      name: image_picker_ios
      sha256: aee8b90c2fb018e18cbb437da661d0531a5346d49cab2d5c4a65ebaf026bbd33
      url: "https://pub.dev"
    source: hosted
    version: "0.8.5+6"
  image_picker_platform_interface:
    dependency: transitive
    description:
      name: image_picker_platform_interface
      sha256: cedb2650709f066ee83fd65a1d99b6ff33e5adf98cea376426dd33c2b22bf6ad
      url: "https://pub.dev"
    source: hosted
    version: "2.6.1"
  intl:
    dependency: transitive
    description:
      name: intl
      sha256: "910f85bce16fb5c6f614e117efa303e85a1731bb0081edf3604a2ae6e9a3cc91"
      url: "https://pub.dev"
    source: hosted
    version: "0.17.0"
  ionicons:
    dependency: "direct main"
    description:
      name: ionicons
      sha256: "3bde1d7899364cd74a7852d0335a46fc35f1611c71b2984971e500b0b806a60f"
      url: "https://pub.dev"
    source: hosted
    version: "0.2.1"
  js:
    dependency: transitive
    description:
      name: js
      sha256: a5e201311cb08bf3912ebbe9a2be096e182d703f881136ec1e81a2338a9e120d
      url: "https://pub.dev"
    source: hosted
    version: "0.6.4"
  leak_tracker:
    dependency: transitive
    description:
      name: leak_tracker
      sha256: "78eb209deea09858f5269f5a5b02be4049535f568c07b275096836f01ea323fa"
      url: "https://pub.dev"
    source: hosted
    version: "10.0.0"
  leak_tracker_flutter_testing:
    dependency: transitive
    description:
      name: leak_tracker_flutter_testing
      sha256: b46c5e37c19120a8a01918cfaf293547f47269f7cb4b0058f21531c2465d6ef0
      url: "https://pub.dev"
    source: hosted
    version: "2.0.1"
  leak_tracker_testing:
    dependency: transitive
    description:
      name: leak_tracker_testing
      sha256: a597f72a664dbd293f3bfc51f9ba69816f84dcd403cdac7066cb3f6003f3ab47
      url: "https://pub.dev"
    source: hosted
    version: "2.0.1"
  like_button:
    dependency: "direct main"
    description:
      name: like_button
      sha256: a5a42e2095aa32ab0051d1441f776bb207e5c81bfd2431afb6cff0cd13ee1251
      url: "https://pub.dev"
    source: hosted
    version: "2.0.4"
  loading_overlay:
    dependency: "direct main"
    description:
      name: loading_overlay
      sha256: a4dd5a790e0d60568d4c684e46eed00de883db0dc660f90ffd583aca8f4a1d91
      url: "https://pub.dev"
    source: hosted
    version: "0.3.0"
  matcher:
    dependency: transitive
    description:
      name: matcher
      sha256: d2323aa2060500f906aa31a895b4030b6da3ebdcc5619d14ce1aada65cd161cb
      url: "https://pub.dev"
    source: hosted
    version: "0.12.16+1"
  material_color_utilities:
    dependency: transitive
    description:
      name: material_color_utilities
      sha256: "0e0a020085b65b6083975e499759762399b4475f766c21668c4ecca34ea74e5a"
      url: "https://pub.dev"
    source: hosted
    version: "0.8.0"
  meta:
    dependency: transitive
    description:
      name: meta
      sha256: d584fa6707a52763a52446f02cc621b077888fb63b93bbcb1143a7be5a0c0c04
      url: "https://pub.dev"
    source: hosted
    version: "1.11.0"
  nested:
    dependency: transitive
    description:
      name: nested
      sha256: "03bac4c528c64c95c722ec99280375a6f2fc708eec17c7b3f07253b626cd2a20"
      url: "https://pub.dev"
    source: hosted
    version: "1.0.0"
  octo_image:
    dependency: transitive
    description:
      name: octo_image
      sha256: "107f3ed1330006a3bea63615e81cf637433f5135a52466c7caa0e7152bca9143"
      url: "https://pub.dev"
    source: hosted
    version: "1.0.2"
  path:
    dependency: transitive
    description:
      name: path
      sha256: "087ce49c3f0dc39180befefc60fdb4acd8f8620e5682fe2476afd0b3688bb4af"
      url: "https://pub.dev"
    source: hosted
    version: "1.9.0"
  path_provider:
    dependency: "direct main"
    description:
      name: path_provider
      sha256: "050e8e85e4b7fecdf2bb3682c1c64c4887a183720c802d323de8a5fd76d372dd"
      url: "https://pub.dev"
    source: hosted
    version: "2.0.11"
  path_provider_android:
    dependency: transitive
    description:
      name: path_provider_android
      sha256: "482308523e21a90eccb2146fefb2ae9ea392740c539e35d1cd34916d2ee5492b"
      url: "https://pub.dev"
    source: hosted
    version: "2.0.19"
  path_provider_ios:
    dependency: transitive
    description:
      name: path_provider_ios
      sha256: "03d639406f5343478352433f00d3c4394d52dac8df3d847869c5e2333e0bbce8"
      url: "https://pub.dev"
    source: hosted
    version: "2.0.11"
  path_provider_linux:
    dependency: transitive
    description:
      name: path_provider_linux
      sha256: ab0987bf95bc591da42dffb38c77398fc43309f0b9b894dcc5d6f40c4b26c379
      url: "https://pub.dev"
    source: hosted
    version: "2.1.7"
  path_provider_macos:
    dependency: transitive
    description:
      name: path_provider_macos
      sha256: "2a97e7fbb7ae9dcd0dfc1220a78e9ec3e71da691912e617e8715ff2a13086ae8"
      url: "https://pub.dev"
    source: hosted
    version: "2.0.6"
  path_provider_platform_interface:
    dependency: transitive
    description:
      name: path_provider_platform_interface
      sha256: "27dc7a224fcd07444cb5e0e60423ccacea3e13cf00fc5282ac2c918132da931d"
      url: "https://pub.dev"
    source: hosted
    version: "2.0.4"
  path_provider_windows:
    dependency: transitive
    description:
      name: path_provider_windows
      sha256: "1cc550ec9881c47cb836f37e4db8f94405bd4e33b63efdd20cb9c7c68be6034b"
      url: "https://pub.dev"
    source: hosted
    version: "2.1.2"
  pedantic:
    dependency: transitive
    description:
      name: pedantic
      sha256: "67fc27ed9639506c856c840ccce7594d0bdcd91bc8d53d6e52359449a1d50602"
      url: "https://pub.dev"
    source: hosted
    version: "1.11.1"
  percent_indicator:
    dependency: "direct main"
    description:
      name: percent_indicator
      sha256: cec41f67181fbd5322aa68b355621d1a4eea827426b8eeb613f6cbe195ff7b4a
      url: "https://pub.dev"
    source: hosted
    version: "4.2.2"
  permission_handler:
    dependency: "direct main"
    description:
      name: permission_handler
      sha256: "551f8c3398f1ff26aed2ccc8d0b4e4f905cd7b1714e6a688e0b870621ad33524"
      url: "https://pub.dev"
    source: hosted
    version: "10.1.0"
  permission_handler_android:
    dependency: transitive
    description:
      name: permission_handler_android
      sha256: a7b6bdc94fbb68d70c1eebca6fa3d3836b0dc0262207c1d05053bed3bae02250
      url: "https://pub.dev"
    source: hosted
    version: "10.1.0"
  permission_handler_apple:
    dependency: transitive
    description:
      name: permission_handler_apple
      sha256: "76dc5440756ec4b6b8b194506fe34b823fff608de418114004b36cfe5f7a174f"
      url: "https://pub.dev"
    source: hosted
    version: "9.0.6"
  permission_handler_platform_interface:
    dependency: transitive
    description:
      name: permission_handler_platform_interface
      sha256: "68abbc472002b5e6dfce47fe9898c6b7d8328d58b5d2524f75e277c07a97eb84"
      url: "https://pub.dev"
    source: hosted
    version: "3.9.0"
  permission_handler_windows:
    dependency: transitive
    description:
      name: permission_handler_windows
      sha256: b061bd16483abaf7f4769c343c976fb415d8635166c909f38f10f23b2734a54f
      url: "https://pub.dev"
    source: hosted
    version: "0.1.1"
  petitparser:
    dependency: transitive
    description:
      name: petitparser
      sha256: "2ebb289dc4764ec397f5cd3ca9881c6d17196130a7d646ed022a0dd9c2e25a71"
      url: "https://pub.dev"
    source: hosted
    version: "5.0.0"
  platform:
    dependency: transitive
    description:
      name: platform
      sha256: "4a451831508d7d6ca779f7ac6e212b4023dd5a7d08a27a63da33756410e32b76"
      url: "https://pub.dev"
    source: hosted
    version: "3.1.0"
  plugin_platform_interface:
    dependency: transitive
    description:
      name: plugin_platform_interface
      sha256: "075f927ebbab4262ace8d0b283929ac5410c0ac4e7fc123c76429564facfb757"
      url: "https://pub.dev"
    source: hosted
    version: "2.1.2"
  process:
    dependency: transitive
    description:
      name: process
      sha256: "53fd8db9cec1d37b0574e12f07520d582019cb6c44abf5479a01505099a34a09"
      url: "https://pub.dev"
    source: hosted
    version: "4.2.4"
  provider:
    dependency: "direct main"
    description:
      name: provider
      sha256: "8d7d4c2df46d6a6270a4e10404bfecb18a937e3e00f710c260d0a10415ce6b7b"
      url: "https://pub.dev"
    source: hosted
    version: "6.0.3"
  quiver:
    dependency: transitive
    description:
      name: quiver
      sha256: "93982981971e812c94d4a6fa3a57b89f9ec12b38b6380cd3c1370c3b01e4580e"
      url: "https://pub.dev"
    source: hosted
    version: "3.1.0"
  rxdart:
    dependency: transitive
    description:
      name: rxdart
      sha256: "5d22055fd443806c03ef24a02000637cf51eae49c2a0168d38a43fc166b0209c"
      url: "https://pub.dev"
    source: hosted
    version: "0.27.5"
  shared_preferences:
    dependency: "direct main"
    description:
      name: shared_preferences
      sha256: "76917b7d4b9526b2ba416808a7eb9fb2863c1a09cf63ec85f1453da240fa818a"
      url: "https://pub.dev"
    source: hosted
    version: "2.0.15"
  shared_preferences_android:
    dependency: transitive
    description:
      name: shared_preferences_android
      sha256: "853801ce6ba7429ec4e923e37317f32a57c903de50b8c33ffcfbdb7e6f0dd39c"
      url: "https://pub.dev"
    source: hosted
    version: "2.0.12"
  shared_preferences_ios:
    dependency: transitive
    description:
      name: shared_preferences_ios
      sha256: "585a14cefec7da8c9c2fb8cd283a3bb726b4155c0952afe6a0caaa7b2272de34"
      url: "https://pub.dev"
    source: hosted
    version: "2.1.1"
  shared_preferences_linux:
    dependency: transitive
    description:
      name: shared_preferences_linux
      sha256: "28aefc1261746e7bad3d09799496054beb84e8c4ffcdfed7734e17b4ada459a5"
      url: "https://pub.dev"
    source: hosted
    version: "2.1.1"
  shared_preferences_macos:
    dependency: transitive
    description:
      name: shared_preferences_macos
      sha256: fbb94bf296576f49be37a1496d5951796211a8db0aa22cc0d68c46440dad808c
      url: "https://pub.dev"
    source: hosted
    version: "2.0.4"
  shared_preferences_platform_interface:
    dependency: transitive
    description:
      name: shared_preferences_platform_interface
      sha256: "992f0fdc46d0a3c0ac2e5859f2de0e577bbe51f78a77ee8f357cbe626a2ad32d"
      url: "https://pub.dev"
    source: hosted
    version: "2.0.0"
  shared_preferences_web:
    dependency: transitive
    description:
      name: shared_preferences_web
      sha256: a4b5bc37fe1b368bbc81f953197d55e12f49d0296e7e412dfe2d2d77d6929958
      url: "https://pub.dev"
    source: hosted
    version: "2.0.4"
  shared_preferences_windows:
    dependency: transitive
    description:
      name: shared_preferences_windows
      sha256: "97f7ab9a7da96d9cf19581f5de520ceb529548498bd6b5e0ccd02d68a0d15eba"
      url: "https://pub.dev"
    source: hosted
    version: "2.1.1"
  sky_engine:
    dependency: transitive
    description: flutter
    source: sdk
    version: "0.0.99"
  source_span:
    dependency: transitive
    description:
      name: source_span
      sha256: "53e943d4206a5e30df338fd4c6e7a077e02254531b138a15aec3bd143c1a8b3c"
      url: "https://pub.dev"
    source: hosted
    version: "1.10.0"
  sqflite:
    dependency: transitive
    description:
      name: sqflite
      sha256: b3a8307b9519af28518e271e548594bdc435225fc77e8fb22e71a296c69281cf
      url: "https://pub.dev"
    source: hosted
    version: "2.0.3+1"
  sqflite_common:
    dependency: transitive
    description:
      name: sqflite_common
      sha256: b504fc5b4576a05586a0bb99d9bcc0d37a78d9d5ed68b96c361d5d3a8e538275
      url: "https://pub.dev"
    source: hosted
    version: "2.2.1+1"
  stack_trace:
    dependency: transitive
    description:
      name: stack_trace
      sha256: "73713990125a6d93122541237550ee3352a2d84baad52d375a4cad2eb9b7ce0b"
      url: "https://pub.dev"
    source: hosted
    version: "1.11.1"
  story:
    dependency: "direct main"
    description:
      name: story
      sha256: cb9f3077fe3bb9789346e66ec18f3cf8ecdd5f335ae09a298859403cb3fd73e8
      url: "https://pub.dev"
    source: hosted
    version: "0.8.0"
  story_view:
    dependency: "direct main"
    description:
      name: story_view
      sha256: e1a647ef0682e46a3de5254a46ac3b809b5c2a509998365966958f977a127db4
      url: "https://pub.dev"
    source: hosted
    version: "0.14.0"
  stream_channel:
    dependency: transitive
    description:
      name: stream_channel
      sha256: ba2aa5d8cc609d96bbb2899c28934f9e1af5cddbd60a827822ea467161eb54e7
      url: "https://pub.dev"
    source: hosted
    version: "2.1.2"
  string_scanner:
    dependency: transitive
    description:
      name: string_scanner
      sha256: "556692adab6cfa87322a115640c11f13cb77b3f076ddcc5d6ae3c20242bedcde"
      url: "https://pub.dev"
    source: hosted
    version: "1.2.0"
  synchronized:
    dependency: transitive
    description:
      name: synchronized
      sha256: a7f0790927c0806ae0d5eb061c713748fa6070ef0037e391a2d53c3844c09dc2
      url: "https://pub.dev"
    source: hosted
    version: "3.0.0+2"
  term_glyph:
    dependency: transitive
    description:
      name: term_glyph
      sha256: a29248a84fbb7c79282b40b8c72a1209db169a2e0542bce341da992fe1bc7e84
      url: "https://pub.dev"
    source: hosted
    version: "1.2.1"
  test_api:
    dependency: transitive
    description:
      name: test_api
      sha256: "5c2f730018264d276c20e4f1503fd1308dfbbae39ec8ee63c5236311ac06954b"
      url: "https://pub.dev"
    source: hosted
    version: "0.6.1"
  timeago:
    dependency: "direct main"
    description:
      name: timeago
      sha256: "46c128312ab0ea144b146c0ac6426ddd96810efec2de3fccc425d00179cd8254"
      url: "https://pub.dev"
    source: hosted
    version: "3.3.0"
  typed_data:
    dependency: transitive
    description:
      name: typed_data
      sha256: "26f87ade979c47a150c9eaab93ccd2bebe70a27dc0b4b29517f2904f04eb11a5"
      url: "https://pub.dev"
    source: hosted
    version: "1.3.1"
  uuid:
    dependency: "direct main"
    description:
      name: uuid
      sha256: "2469694ad079893e3b434a627970c33f2fa5adc46dfe03c9617546969a9a8afc"
      url: "https://pub.dev"
    source: hosted
    version: "3.0.6"
  vector_math:
    dependency: transitive
    description:
      name: vector_math
      sha256: "80b3257d1492ce4d091729e3a67a60407d227c27241d6927be0130c98e741803"
      url: "https://pub.dev"
    source: hosted
    version: "2.1.4"
  video_player:
    dependency: transitive
    description:
      name: video_player
      sha256: "32c20460c6879140dbd2728323918e5b1982125ad6517f71a01e17cdd7fa7975"
      url: "https://pub.dev"
    source: hosted
    version: "2.4.7"
  video_player_android:
    dependency: transitive
    description:
      name: video_player_android
      sha256: d4d7313d1dc6f14d3414b98e2b268c3f34f4ac4ce4af51cf905e9a438edf0c77
      url: "https://pub.dev"
    source: hosted
    version: "2.3.9"
  video_player_avfoundation:
    dependency: transitive
    description:
      name: video_player_avfoundation
      sha256: "3df559495634bba8feb24439ac0a28a380d4ff96be7990811dc4ec81299e8cfa"
      url: "https://pub.dev"
    source: hosted
    version: "2.3.7"
  video_player_platform_interface:
    dependency: transitive
    description:
      name: video_player_platform_interface
      sha256: "318a6d20577e1c78cf0bf40670883cc571ea860c72a4f7426d7dacce4bdd4343"
      url: "https://pub.dev"
    source: hosted
    version: "5.1.4"
  video_player_web:
    dependency: transitive
    description:
      name: video_player_web
      sha256: ed949a3df5fe88533254bbdd242c3d8eea19ecbc4e7af90da84ef087533f584b
      url: "https://pub.dev"
    source: hosted
    version: "2.0.12"
  vm_service:
    dependency: transitive
    description:
      name: vm_service
      sha256: b3d56ff4341b8f182b96aceb2fa20e3dcb336b9f867bc0eafc0de10f1048e957
      url: "https://pub.dev"
    source: hosted
    version: "13.0.0"
  win32:
    dependency: transitive
    description:
      name: win32
      sha256: "6b75ac2ddd42f5c226fdaf4498a2b04071c06f1f2b8f7ab1c3f77cc7f2285ff1"
      url: "https://pub.dev"
    source: hosted
    version: "2.7.0"
  xdg_directories:
    dependency: transitive
    description:
      name: xdg_directories
      sha256: "060b6e1c891d956f72b5ac9463466c37cce3fa962a921532fc001e86fe93438e"
      url: "https://pub.dev"
    source: hosted
    version: "0.2.0+1"
  xml:
    dependency: transitive
    description:
      name: xml
      sha256: ac0e3f4bf00ba2708c33fbabbbe766300e509f8c82dbd4ab6525039813f7e2fb
      url: "https://pub.dev"
    source: hosted
    version: "6.1.0"
sdks:
  dart: ">=3.2.0-0 <4.0.0"
  flutter: ">=3.0.0"
